<Solution>
  <Folder Name="/src/">
    <Project Path="CampusFlow.API/CampusFlow.API.csproj" />
    <Project Path="CampusFlow.Application/CampusFlow.Application.csproj" />
    <Project Path="CampusFlow.Domain/CampusFlow.Domain.csproj" />
    <Project Path="CampusFlow.Infrastructure/CampusFlow.Infrastructure.csproj" />
  </Folder>
</Solution>
